<?xml version="1.0" encoding="UTF-8"?>
<CONFIG>
  <ProjectOptions>
    <Version Value="12"/>
    <General>
      <Flags>
        <MainUnitHasCreateFormStatements Value="False"/>
      </Flags>
      <SessionStorage Value="InProjectDir"/>
      <Title Value="ngit_microservice_message"/>
      <UseAppBundle Value="False"/>
      <ResourceType Value="res"/>
    </General>
    <BuildModes>
      <Item Name="Default" Default="True"/>
    </BuildModes>
    <PublishOptions>
      <Version Value="2"/>
      <UseFileFilters Value="True"/>
    </PublishOptions>
    <RunParams>
      <FormatVersion Value="2"/>
    </RunParams>
    <RequiredPackages>
      <Item>
        <PackageName Value="dcpcrypt"/>
      </Item>
      <Item>
        <PackageName Value="WebLaz"/>
      </Item>
      <Item>
        <PackageName Value="FCL"/>
      </Item>
    </RequiredPackages>
    <Units>
      <Unit>
        <Filename Value="ngit_microservice_message.lpr"/>
        <IsPartOfProject Value="True"/>
      </Unit>
      <Unit>
        <Filename Value="src/umain.pas"/>
        <IsPartOfProject Value="True"/>
        <ComponentName Value="FPWebModule1"/>
        <HasResources Value="True"/>
        <ResourceBaseClass Value="DataModule"/>
        <UnitName Value="uMain"/>
      </Unit>
      <Unit>
        <Filename Value="src/other_library/jwt_unit/ngit_crypto_jwt.pas"/>
        <IsPartOfProject Value="True"/>
        <UnitName Value="NGIT_Crypto_JWT"/>
      </Unit>
      <Unit>
        <Filename Value="src/uconsts.pas"/>
        <IsPartOfProject Value="True"/>
        <UnitName Value="uConsts"/>
      </Unit>
      <Unit>
        <Filename Value="src/unotes.pas"/>
        <IsPartOfProject Value="True"/>
        <UnitName Value="uNotes"/>
      </Unit>
      <Unit>
        <Filename Value="src/uextended_fphttpapp.pas"/>
        <IsPartOfProject Value="True"/>
        <UnitName Value="uExtended_fphttpapp"/>
      </Unit>
      <Unit>
        <Filename Value="src/other_library/ugenericfunctions.pas"/>
        <IsPartOfProject Value="True"/>
        <UnitName Value="uGenericFunctions"/>
      </Unit>
      <Unit>
        <Filename Value="src/other_library/uerrorclass.pas"/>
        <IsPartOfProject Value="True"/>
        <UnitName Value="uErrorClass"/>
      </Unit>
      <Unit>
        <Filename Value="src/other_library/uCryptFunction.pas"/>
        <IsPartOfProject Value="True"/>
      </Unit>
      <Unit>
        <Filename Value="src/other_library/udatetimetostr.pas"/>
        <IsPartOfProject Value="True"/>
        <UnitName Value="uDateTimeToStr"/>
      </Unit>
      <Unit>
        <Filename Value="src/umemorymessages.pas"/>
        <IsPartOfProject Value="True"/>
        <UnitName Value="uMemoryMessages"/>
      </Unit>
    </Units>
  </ProjectOptions>
  <CompilerOptions>
    <Version Value="11"/>
    <Target>
      <Filename Value="bin/$(TargetCPU)-$(TargetOS)/ngit_microservice_message"/>
    </Target>
    <SearchPaths>
      <IncludeFiles Value="$(ProjOutDir)"/>
      <OtherUnitFiles Value="src;src/other_library;src/other_library/jwt_unit;../../../pkg/synapse40/source/lib"/>
      <UnitOutputDirectory Value="lib/$(TargetCPU)-$(TargetOS)"/>
    </SearchPaths>
    <Linking>
      <Debugging>
        <UseHeaptrc Value="True"/>
        <StripSymbols Value="True"/>
        <UseExternalDbgSyms Value="True"/>
      </Debugging>
    </Linking>
    <Other>
      <CustomOptions Value="-dUseCThreads"/>
    </Other>
  </CompilerOptions>
  <Debugging>
    <Exceptions>
      <Item>
        <Name Value="EAbort"/>
      </Item>
      <Item>
        <Name Value="ECodetoolError"/>
      </Item>
      <Item>
        <Name Value="EFOpenError"/>
      </Item>
    </Exceptions>
  </Debugging>
</CONFIG>
